
Microsoft Visual Studio Solution File, Format Version 12.00
# Visual Studio Version 16
VisualStudioVersion = 16.0.30002.166
MinimumVisualStudioVersion = 10.0.40219.1
Project("{FAE04EC0-301F-11D3-BF4B-00C04F79EFBC}") = "Kanban_project", "Kanban_project.csproj", "{4CA56105-D824-452C-81C4-DD726F484E8E}"
EndProject
Global
	GlobalSection(SolutionConfigurationPlatforms) = preSolution
		Debug|Any CPU = Debug|Any CPU
		Release|Any CPU = Release|Any CPU
	EndGlobalSection
	GlobalSection(ProjectConfigurationPlatforms) = postSolution
		{4CA56105-D824-452C-81C4-DD726F484E8E}.Debug|Any CPU.ActiveCfg = Debug|Any CPU
		{4CA56105-D824-452C-81C4-DD726F484E8E}.Debug|Any CPU.Build.0 = Debug|Any CPU
		{4CA56105-D824-452C-81C4-DD726F484E8E}.Release|Any CPU.ActiveCfg = Release|Any CPU
		{4CA56105-D824-452C-81C4-DD726F484E8E}.Release|Any CPU.Build.0 = Release|Any CPU
	EndGlobalSection
	GlobalSection(SolutionProperties) = preSolution
		HideSolutionNode = FALSE
	EndGlobalSection
	GlobalSection(ExtensibilityGlobals) = postSolution
		SolutionGuid = {F7E06A5D-AC8E-4432-89AD-D13A1329061A}
	EndGlobalSection
EndGlobal
