
Microsoft Visual Studio Solution File, Format Version 12.00
# Visual Studio Version 16
VisualStudioVersion = 16.0.30002.166
MinimumVisualStudioVersion = 10.0.40219.1
Project("{FAE04EC0-301F-11D3-BF4B-00C04F79EFBC}") = "Kanban_test_project", "Kanban_test_project.csproj", "{424DE216-9D6E-4E3F-8CE5-6BD7936C0F6C}"
EndProject
Global
	GlobalSection(SolutionConfigurationPlatforms) = preSolution
		Debug|Any CPU = Debug|Any CPU
		Release|Any CPU = Release|Any CPU
	EndGlobalSection
	GlobalSection(ProjectConfigurationPlatforms) = postSolution
		{424DE216-9D6E-4E3F-8CE5-6BD7936C0F6C}.Debug|Any CPU.ActiveCfg = Debug|Any CPU
		{424DE216-9D6E-4E3F-8CE5-6BD7936C0F6C}.Debug|Any CPU.Build.0 = Debug|Any CPU
		{424DE216-9D6E-4E3F-8CE5-6BD7936C0F6C}.Release|Any CPU.ActiveCfg = Release|Any CPU
		{424DE216-9D6E-4E3F-8CE5-6BD7936C0F6C}.Release|Any CPU.Build.0 = Release|Any CPU
	EndGlobalSection
	GlobalSection(SolutionProperties) = preSolution
		HideSolutionNode = FALSE
	EndGlobalSection
	GlobalSection(ExtensibilityGlobals) = postSolution
		SolutionGuid = {D6B57D5C-988B-49CC-A150-86C7198B1A8C}
	EndGlobalSection
EndGlobal
